
Microsoft Visual Studio Solution File, Format Version 11.00
# Visual Studio 2010
Project("{FAE04EC0-301F-11D3-BF4B-00C04F79EFBC}") = "The Silver Bullet", "Assembly-CSharp.csproj", "{48B1682B-B224-DDDC-C5C0-351D834F140E}"
EndProject
Project("{FAE04EC0-301F-11D3-BF4B-00C04F79EFBC}") = "The Silver Bullet", "Assembly-CSharp-firstpass.csproj", "{93340F3F-280C-3BD8-995D-5C529BE6A8E2}"
EndProject
Project("{FAE04EC0-301F-11D3-BF4B-00C04F79EFBC}") = "The Silver Bullet", "Assembly-CSharp-Editor.csproj", "{795F8CC2-E994-5ED8-5FBA-DCDC3F01603C}"
EndProject
Project("{FAE04EC0-301F-11D3-BF4B-00C04F79EFBC}") = "The Silver Bullet", "Assembly-CSharp-Editor-firstpass.csproj", "{69BD4FCB-8797-3D11-0D9E-78068796C978}"
EndProject
Global
	GlobalSection(SolutionConfigurationPlatforms) = preSolution
		Debug|Any CPU = Debug|Any CPU
		Release|Any CPU = Release|Any CPU
	EndGlobalSection
	GlobalSection(ProjectConfigurationPlatforms) = postSolution
		{48B1682B-B224-DDDC-C5C0-351D834F140E}.Debug|Any CPU.ActiveCfg = Debug|Any CPU
		{48B1682B-B224-DDDC-C5C0-351D834F140E}.Debug|Any CPU.Build.0 = Debug|Any CPU
		{48B1682B-B224-DDDC-C5C0-351D834F140E}.Release|Any CPU.ActiveCfg = Release|Any CPU
		{48B1682B-B224-DDDC-C5C0-351D834F140E}.Release|Any CPU.Build.0 = Release|Any CPU
		{93340F3F-280C-3BD8-995D-5C529BE6A8E2}.Debug|Any CPU.ActiveCfg = Debug|Any CPU
		{93340F3F-280C-3BD8-995D-5C529BE6A8E2}.Debug|Any CPU.Build.0 = Debug|Any CPU
		{93340F3F-280C-3BD8-995D-5C529BE6A8E2}.Release|Any CPU.ActiveCfg = Release|Any CPU
		{93340F3F-280C-3BD8-995D-5C529BE6A8E2}.Release|Any CPU.Build.0 = Release|Any CPU
		{795F8CC2-E994-5ED8-5FBA-DCDC3F01603C}.Debug|Any CPU.ActiveCfg = Debug|Any CPU
		{795F8CC2-E994-5ED8-5FBA-DCDC3F01603C}.Debug|Any CPU.Build.0 = Debug|Any CPU
		{795F8CC2-E994-5ED8-5FBA-DCDC3F01603C}.Release|Any CPU.ActiveCfg = Release|Any CPU
		{795F8CC2-E994-5ED8-5FBA-DCDC3F01603C}.Release|Any CPU.Build.0 = Release|Any CPU
		{69BD4FCB-8797-3D11-0D9E-78068796C978}.Debug|Any CPU.ActiveCfg = Debug|Any CPU
		{69BD4FCB-8797-3D11-0D9E-78068796C978}.Debug|Any CPU.Build.0 = Debug|Any CPU
		{69BD4FCB-8797-3D11-0D9E-78068796C978}.Release|Any CPU.ActiveCfg = Release|Any CPU
		{69BD4FCB-8797-3D11-0D9E-78068796C978}.Release|Any CPU.Build.0 = Release|Any CPU
	EndGlobalSection
	GlobalSection(SolutionProperties) = preSolution
		HideSolutionNode = FALSE
	EndGlobalSection
	GlobalSection(MonoDevelopProperties) = preSolution
		StartupItem = Assembly-CSharp.csproj
	EndGlobalSection
EndGlobal
