
Microsoft Visual Studio Solution File, Format Version 12.00
# Visual Studio 2017
Project("{FAE04EC0-301F-11D3-BF4B-00C04F79EFBC}") = "The Silver Bullet.Plugins", "The Silver Bullet.Plugins.csproj", "{DA92FD27-C70E-52BE-1277-C92CD962C8E8}"
EndProject
Project("{FAE04EC0-301F-11D3-BF4B-00C04F79EFBC}") = "The Silver Bullet", "The Silver Bullet.csproj", "{2A30329F-2A73-BCEA-5C20-8BCCA52F8D41}"
EndProject
Project("{FAE04EC0-301F-11D3-BF4B-00C04F79EFBC}") = "The Silver Bullet.Editor.Plugins", "The Silver Bullet.Editor.Plugins.csproj", "{CE64DC51-DCCA-85C7-2CCE-0DE72372C002}"
EndProject
Project("{FAE04EC0-301F-11D3-BF4B-00C04F79EFBC}") = "The Silver Bullet.Editor", "The Silver Bullet.Editor.csproj", "{7AF659AD-CE99-2922-C339-87F9C66FDE2F}"
EndProject
Global
	GlobalSection(SolutionConfigurationPlatforms) = preSolution
		Debug|Any CPU = Debug|Any CPU
		Release|Any CPU = Release|Any CPU
	EndGlobalSection
	GlobalSection(ProjectConfigurationPlatforms) = postSolution
		{DA92FD27-C70E-52BE-1277-C92CD962C8E8}.Debug|Any CPU.ActiveCfg = Debug|Any CPU
		{DA92FD27-C70E-52BE-1277-C92CD962C8E8}.Debug|Any CPU.Build.0 = Debug|Any CPU
		{DA92FD27-C70E-52BE-1277-C92CD962C8E8}.Release|Any CPU.ActiveCfg = Release|Any CPU
		{DA92FD27-C70E-52BE-1277-C92CD962C8E8}.Release|Any CPU.Build.0 = Release|Any CPU
		{2A30329F-2A73-BCEA-5C20-8BCCA52F8D41}.Debug|Any CPU.ActiveCfg = Debug|Any CPU
		{2A30329F-2A73-BCEA-5C20-8BCCA52F8D41}.Debug|Any CPU.Build.0 = Debug|Any CPU
		{2A30329F-2A73-BCEA-5C20-8BCCA52F8D41}.Release|Any CPU.ActiveCfg = Release|Any CPU
		{2A30329F-2A73-BCEA-5C20-8BCCA52F8D41}.Release|Any CPU.Build.0 = Release|Any CPU
		{CE64DC51-DCCA-85C7-2CCE-0DE72372C002}.Debug|Any CPU.ActiveCfg = Debug|Any CPU
		{CE64DC51-DCCA-85C7-2CCE-0DE72372C002}.Debug|Any CPU.Build.0 = Debug|Any CPU
		{CE64DC51-DCCA-85C7-2CCE-0DE72372C002}.Release|Any CPU.ActiveCfg = Release|Any CPU
		{CE64DC51-DCCA-85C7-2CCE-0DE72372C002}.Release|Any CPU.Build.0 = Release|Any CPU
		{7AF659AD-CE99-2922-C339-87F9C66FDE2F}.Debug|Any CPU.ActiveCfg = Debug|Any CPU
		{7AF659AD-CE99-2922-C339-87F9C66FDE2F}.Debug|Any CPU.Build.0 = Debug|Any CPU
		{7AF659AD-CE99-2922-C339-87F9C66FDE2F}.Release|Any CPU.ActiveCfg = Release|Any CPU
		{7AF659AD-CE99-2922-C339-87F9C66FDE2F}.Release|Any CPU.Build.0 = Release|Any CPU
	EndGlobalSection
	GlobalSection(SolutionProperties) = preSolution
		HideSolutionNode = FALSE
	EndGlobalSection
EndGlobal
